// !$*UTF8*$!
{
	archiveVersion = 1;
	classes = {
	};
	objectVersion = 50;
	objects = {

/* Begin PBXBuildFile section */
		880584EA24C1F89400DA5A92 /* AppDelegate.swift in Sources */ = {isa = PBXBuildFile; fileRef = 880584E924C1F89400DA5A92 /* AppDelegate.swift */; };
		880584EC24C1F89400DA5A92 /* SceneDelegate.swift in Sources */ = {isa = PBXBuildFile; fileRef = 880584EB24C1F89400DA5A92 /* SceneDelegate.swift */; };
		880584EE24C1F89400DA5A92 /* MapViewController.swift in Sources */ = {isa = PBXBuildFile; fileRef = 880584ED24C1F89400DA5A92 /* MapViewController.swift */; };
		880584F124C1F89400DA5A92 /* Main.storyboard in Resources */ = {isa = PBXBuildFile; fileRef = 880584EF24C1F89400DA5A92 /* Main.storyboard */; };
		880584F324C1F89700DA5A92 /* Assets.xcassets in Resources */ = {isa = PBXBuildFile; fileRef = 880584F224C1F89700DA5A92 /* Assets.xcassets */; };
		880584F624C1F89700DA5A92 /* LaunchScreen.storyboard in Resources */ = {isa = PBXBuildFile; fileRef = 880584F424C1F89700DA5A92 /* LaunchScreen.storyboard */; };
		8805850124C1F89800DA5A92 /* WeatherMapTests.swift in Sources */ = {isa = PBXBuildFile; fileRef = 8805850024C1F89800DA5A92 /* WeatherMapTests.swift */; };
		8805850C24C1F89800DA5A92 /* WeatherMapUITests.swift in Sources */ = {isa = PBXBuildFile; fileRef = 8805850B24C1F89800DA5A92 /* WeatherMapUITests.swift */; };
		8805851A24C1FF9600DA5A92 /* DetailViewController.swift in Sources */ = {isa = PBXBuildFile; fileRef = 8805851924C1FF9600DA5A92 /* DetailViewController.swift */; };
		8805851F24C2001200DA5A92 /* Repository.swift in Sources */ = {isa = PBXBuildFile; fileRef = 8805851E24C2001200DA5A92 /* Repository.swift */; };
		8805852124C2002000DA5A92 /* WeatherRepository.swift in Sources */ = {isa = PBXBuildFile; fileRef = 8805852024C2002000DA5A92 /* WeatherRepository.swift */; };
		8805852524C2026800DA5A92 /* WeatherFull.swift in Sources */ = {isa = PBXBuildFile; fileRef = 8805852424C2026800DA5A92 /* WeatherFull.swift */; };
		8805852724C2026E00DA5A92 /* Weather.swift in Sources */ = {isa = PBXBuildFile; fileRef = 8805852624C2026E00DA5A92 /* Weather.swift */; };
		8805852924C207B700DA5A92 /* LocationDetailModel.swift in Sources */ = {isa = PBXBuildFile; fileRef = 8805852824C207B700DA5A92 /* LocationDetailModel.swift */; };
		8805852C24C20C5800DA5A92 /* DetailView.swift in Sources */ = {isa = PBXBuildFile; fileRef = 8805852B24C20C5800DA5A92 /* DetailView.swift */; };
		88AC32F124C2215A0075E864 /* MapKit.framework in Frameworks */ = {isa = PBXBuildFile; fileRef = 88AC32F024C2215A0075E864 /* MapKit.framework */; };
		88AC32F224C222D00075E864 /* Main.storyboard in Resources */ = {isa = PBXBuildFile; fileRef = 880584EF24C1F89400DA5A92 /* Main.storyboard */; };
		88AC32F324C222FB0075E864 /* LaunchScreen.storyboard in Resources */ = {isa = PBXBuildFile; fileRef = 880584F424C1F89700DA5A92 /* LaunchScreen.storyboard */; };
		88F81E2E24C210A10099EABB /* Database.swift in Sources */ = {isa = PBXBuildFile; fileRef = 88F81E2D24C210A10099EABB /* Database.swift */; };
		88F81E5424C211CE0099EABB /* WeatherCoreData.xcdatamodeld in Sources */ = {isa = PBXBuildFile; fileRef = 88F81E5224C211CE0099EABB /* WeatherCoreData.xcdatamodeld */; };
/* End PBXBuildFile section */

/* Begin PBXContainerItemProxy section */
		880584FD24C1F89700DA5A92 /* PBXContainerItemProxy */ = {
			isa = PBXContainerItemProxy;
			containerPortal = 880584DE24C1F89400DA5A92 /* Project object */;
			proxyType = 1;
			remoteGlobalIDString = 880584E524C1F89400DA5A92;
			remoteInfo = WeatherMap;
		};
		8805850824C1F89800DA5A92 /* PBXContainerItemProxy */ = {
			isa = PBXContainerItemProxy;
			containerPortal = 880584DE24C1F89400DA5A92 /* Project object */;
			proxyType = 1;
			remoteGlobalIDString = 880584E524C1F89400DA5A92;
			remoteInfo = WeatherMap;
		};
/* End PBXContainerItemProxy section */

/* Begin PBXFileReference section */
		880584E624C1F89400DA5A92 /* WeatherMap.app */ = {isa = PBXFileReference; explicitFileType = wrapper.application; includeInIndex = 0; path = WeatherMap.app; sourceTree = BUILT_PRODUCTS_DIR; };
		880584E924C1F89400DA5A92 /* AppDelegate.swift */ = {isa = PBXFileReference; lastKnownFileType = sourcecode.swift; path = AppDelegate.swift; sourceTree = "<group>"; };
		880584EB24C1F89400DA5A92 /* SceneDelegate.swift */ = {isa = PBXFileReference; lastKnownFileType = sourcecode.swift; path = SceneDelegate.swift; sourceTree = "<group>"; };
		880584ED24C1F89400DA5A92 /* MapViewController.swift */ = {isa = PBXFileReference; lastKnownFileType = sourcecode.swift; path = MapViewController.swift; sourceTree = "<group>"; };
		880584F024C1F89400DA5A92 /* Base */ = {isa = PBXFileReference; lastKnownFileType = file.storyboard; name = Base; path = Base.lproj/Main.storyboard; sourceTree = "<group>"; };
		880584F224C1F89700DA5A92 /* Assets.xcassets */ = {isa = PBXFileReference; lastKnownFileType = folder.assetcatalog; path = Assets.xcassets; sourceTree = "<group>"; };
		880584F524C1F89700DA5A92 /* Base */ = {isa = PBXFileReference; lastKnownFileType = file.storyboard; name = Base; path = Base.lproj/LaunchScreen.storyboard; sourceTree = "<group>"; };
		880584F724C1F89700DA5A92 /* Info.plist */ = {isa = PBXFileReference; lastKnownFileType = text.plist.xml; path = Info.plist; sourceTree = "<group>"; };
		880584FC24C1F89700DA5A92 /* WeatherMapTests.xctest */ = {isa = PBXFileReference; explicitFileType = wrapper.cfbundle; includeInIndex = 0; path = WeatherMapTests.xctest; sourceTree = BUILT_PRODUCTS_DIR; };
		8805850024C1F89800DA5A92 /* WeatherMapTests.swift */ = {isa = PBXFileReference; lastKnownFileType = sourcecode.swift; path = WeatherMapTests.swift; sourceTree = "<group>"; };
		8805850224C1F89800DA5A92 /* Info.plist */ = {isa = PBXFileReference; lastKnownFileType = text.plist.xml; path = Info.plist; sourceTree = "<group>"; };
		8805850724C1F89800DA5A92 /* WeatherMapUITests.xctest */ = {isa = PBXFileReference; explicitFileType = wrapper.cfbundle; includeInIndex = 0; path = WeatherMapUITests.xctest; sourceTree = BUILT_PRODUCTS_DIR; };
		8805850B24C1F89800DA5A92 /* WeatherMapUITests.swift */ = {isa = PBXFileReference; lastKnownFileType = sourcecode.swift; path = WeatherMapUITests.swift; sourceTree = "<group>"; };
		8805850D24C1F89800DA5A92 /* Info.plist */ = {isa = PBXFileReference; lastKnownFileType = text.plist.xml; path = Info.plist; sourceTree = "<group>"; };
		8805851924C1FF9600DA5A92 /* DetailViewController.swift */ = {isa = PBXFileReference; lastKnownFileType = sourcecode.swift; path = DetailViewController.swift; sourceTree = "<group>"; };
		8805851E24C2001200DA5A92 /* Repository.swift */ = {isa = PBXFileReference; lastKnownFileType = sourcecode.swift; path = Repository.swift; sourceTree = "<group>"; };
		8805852024C2002000DA5A92 /* WeatherRepository.swift */ = {isa = PBXFileReference; lastKnownFileType = sourcecode.swift; path = WeatherRepository.swift; sourceTree = "<group>"; };
		8805852424C2026800DA5A92 /* WeatherFull.swift */ = {isa = PBXFileReference; lastKnownFileType = sourcecode.swift; path = WeatherFull.swift; sourceTree = "<group>"; };
		8805852624C2026E00DA5A92 /* Weather.swift */ = {isa = PBXFileReference; lastKnownFileType = sourcecode.swift; path = Weather.swift; sourceTree = "<group>"; };
		8805852824C207B700DA5A92 /* LocationDetailModel.swift */ = {isa = PBXFileReference; lastKnownFileType = sourcecode.swift; path = LocationDetailModel.swift; sourceTree = "<group>"; };
		8805852B24C20C5800DA5A92 /* DetailView.swift */ = {isa = PBXFileReference; lastKnownFileType = sourcecode.swift; path = DetailView.swift; sourceTree = "<group>"; };
		88AC32F024C2215A0075E864 /* MapKit.framework */ = {isa = PBXFileReference; lastKnownFileType = wrapper.framework; name = MapKit.framework; path = Platforms/MacOSX.platform/Developer/SDKs/MacOSX10.15.sdk/System/Library/Frameworks/MapKit.framework; sourceTree = DEVELOPER_DIR; };
		88F81E2D24C210A10099EABB /* Database.swift */ = {isa = PBXFileReference; lastKnownFileType = sourcecode.swift; path = Database.swift; sourceTree = "<group>"; };
		88F81E5324C211CE0099EABB /* WeatherCoreData.xcdatamodel */ = {isa = PBXFileReference; lastKnownFileType = wrapper.xcdatamodel; path = WeatherCoreData.xcdatamodel; sourceTree = "<group>"; };
/* End PBXFileReference section */

/* Begin PBXFrameworksBuildPhase section */
		880584E324C1F89400DA5A92 /* Frameworks */ = {
			isa = PBXFrameworksBuildPhase;
			buildActionMask = 2147483647;
			files = (
			);
			runOnlyForDeploymentPostprocessing = 0;
		};
		880584F924C1F89700DA5A92 /* Frameworks */ = {
			isa = PBXFrameworksBuildPhase;
			buildActionMask = 2147483647;
			files = (
				88AC32F124C2215A0075E864 /* MapKit.framework in Frameworks */,
			);
			runOnlyForDeploymentPostprocessing = 0;
		};
		8805850424C1F89800DA5A92 /* Frameworks */ = {
			isa = PBXFrameworksBuildPhase;
			buildActionMask = 2147483647;
			files = (
			);
			runOnlyForDeploymentPostprocessing = 0;
		};
/* End PBXFrameworksBuildPhase section */

/* Begin PBXGroup section */
		880584DD24C1F89400DA5A92 = {
			isa = PBXGroup;
			children = (
				880584E824C1F89400DA5A92 /* WeatherMap */,
				880584FF24C1F89700DA5A92 /* WeatherMapTests */,
				8805850A24C1F89800DA5A92 /* WeatherMapUITests */,
				880584E724C1F89400DA5A92 /* Products */,
				88AC32EF24C2215A0075E864 /* Frameworks */,
			);
			sourceTree = "<group>";
		};
		880584E724C1F89400DA5A92 /* Products */ = {
			isa = PBXGroup;
			children = (
				880584E624C1F89400DA5A92 /* WeatherMap.app */,
				880584FC24C1F89700DA5A92 /* WeatherMapTests.xctest */,
				8805850724C1F89800DA5A92 /* WeatherMapUITests.xctest */,
			);
			name = Products;
			sourceTree = "<group>";
		};
		880584E824C1F89400DA5A92 /* WeatherMap */ = {
			isa = PBXGroup;
			children = (
				8805851D24C1FFFC00DA5A92 /* Middlewares */,
				8805851C24C1FFA900DA5A92 /* App */,
				8805851B24C1FF9C00DA5A92 /* Controllers */,
				880584EF24C1F89400DA5A92 /* Main.storyboard */,
				880584F224C1F89700DA5A92 /* Assets.xcassets */,
				880584F424C1F89700DA5A92 /* LaunchScreen.storyboard */,
				880584F724C1F89700DA5A92 /* Info.plist */,
				88F81E5224C211CE0099EABB /* WeatherCoreData.xcdatamodeld */,
			);
			path = WeatherMap;
			sourceTree = "<group>";
		};
		880584FF24C1F89700DA5A92 /* WeatherMapTests */ = {
			isa = PBXGroup;
			children = (
				8805850024C1F89800DA5A92 /* WeatherMapTests.swift */,
				8805850224C1F89800DA5A92 /* Info.plist */,
			);
			path = WeatherMapTests;
			sourceTree = "<group>";
		};
		8805850A24C1F89800DA5A92 /* WeatherMapUITests */ = {
			isa = PBXGroup;
			children = (
				8805850B24C1F89800DA5A92 /* WeatherMapUITests.swift */,
				8805850D24C1F89800DA5A92 /* Info.plist */,
			);
			path = WeatherMapUITests;
			sourceTree = "<group>";
		};
		8805851B24C1FF9C00DA5A92 /* Controllers */ = {
			isa = PBXGroup;
			children = (
				8805852A24C20C4100DA5A92 /* Detail */,
				880584ED24C1F89400DA5A92 /* MapViewController.swift */,
			);
			path = Controllers;
			sourceTree = "<group>";
		};
		8805851C24C1FFA900DA5A92 /* App */ = {
			isa = PBXGroup;
			children = (
				880584E924C1F89400DA5A92 /* AppDelegate.swift */,
				880584EB24C1F89400DA5A92 /* SceneDelegate.swift */,
			);
			path = App;
			sourceTree = "<group>";
		};
		8805851D24C1FFFC00DA5A92 /* Middlewares */ = {
			isa = PBXGroup;
			children = (
				88F81E2C24C210850099EABB /* Datqabase */,
				8805852324C2024100DA5A92 /* Models */,
				8805852224C2023600DA5A92 /* Repositories */,
			);
			path = Middlewares;
			sourceTree = "<group>";
		};
		8805852224C2023600DA5A92 /* Repositories */ = {
			isa = PBXGroup;
			children = (
				8805851E24C2001200DA5A92 /* Repository.swift */,
				8805852024C2002000DA5A92 /* WeatherRepository.swift */,
			);
			path = Repositories;
			sourceTree = "<group>";
		};
		8805852324C2024100DA5A92 /* Models */ = {
			isa = PBXGroup;
			children = (
				8805852424C2026800DA5A92 /* WeatherFull.swift */,
				8805852624C2026E00DA5A92 /* Weather.swift */,
			);
			path = Models;
			sourceTree = "<group>";
		};
		8805852A24C20C4100DA5A92 /* Detail */ = {
			isa = PBXGroup;
			children = (
				8805851924C1FF9600DA5A92 /* DetailViewController.swift */,
				8805852824C207B700DA5A92 /* LocationDetailModel.swift */,
				8805852B24C20C5800DA5A92 /* DetailView.swift */,
			);
			path = Detail;
			sourceTree = "<group>";
		};
		88AC32EF24C2215A0075E864 /* Frameworks */ = {
			isa = PBXGroup;
			children = (
				88AC32F024C2215A0075E864 /* MapKit.framework */,
			);
			name = Frameworks;
			sourceTree = "<group>";
		};
		88F81E2C24C210850099EABB /* Datqabase */ = {
			isa = PBXGroup;
			children = (
				88F81E2D24C210A10099EABB /* Database.swift */,
			);
			path = Datqabase;
			sourceTree = "<group>";
		};
/* End PBXGroup section */

/* Begin PBXNativeTarget section */
		880584E524C1F89400DA5A92 /* WeatherMap */ = {
			isa = PBXNativeTarget;
			buildConfigurationList = 8805851024C1F89800DA5A92 /* Build configuration list for PBXNativeTarget "WeatherMap" */;
			buildPhases = (
				880584E224C1F89400DA5A92 /* Sources */,
				880584E324C1F89400DA5A92 /* Frameworks */,
				880584E424C1F89400DA5A92 /* Resources */,
			);
			buildRules = (
			);
			dependencies = (
			);
			name = WeatherMap;
			productName = WeatherMap;
			productReference = 880584E624C1F89400DA5A92 /* WeatherMap.app */;
			productType = "com.apple.product-type.application";
		};
		880584FB24C1F89700DA5A92 /* WeatherMapTests */ = {
			isa = PBXNativeTarget;
			buildConfigurationList = 8805851324C1F89800DA5A92 /* Build configuration list for PBXNativeTarget "WeatherMapTests" */;
			buildPhases = (
				880584F824C1F89700DA5A92 /* Sources */,
				880584F924C1F89700DA5A92 /* Frameworks */,
				880584FA24C1F89700DA5A92 /* Resources */,
			);
			buildRules = (
			);
			dependencies = (
				880584FE24C1F89700DA5A92 /* PBXTargetDependency */,
			);
			name = WeatherMapTests;
			productName = WeatherMapTests;
			productReference = 880584FC24C1F89700DA5A92 /* WeatherMapTests.xctest */;
			productType = "com.apple.product-type.bundle.unit-test";
		};
		8805850624C1F89800DA5A92 /* WeatherMapUITests */ = {
			isa = PBXNativeTarget;
			buildConfigurationList = 8805851624C1F89800DA5A92 /* Build configuration list for PBXNativeTarget "WeatherMapUITests" */;
			buildPhases = (
				8805850324C1F89800DA5A92 /* Sources */,
				8805850424C1F89800DA5A92 /* Frameworks */,
				8805850524C1F89800DA5A92 /* Resources */,
			);
			buildRules = (
			);
			dependencies = (
				8805850924C1F89800DA5A92 /* PBXTargetDependency */,
			);
			name = WeatherMapUITests;
			productName = WeatherMapUITests;
			productReference = 8805850724C1F89800DA5A92 /* WeatherMapUITests.xctest */;
			productType = "com.apple.product-type.bundle.ui-testing";
		};
/* End PBXNativeTarget section */

/* Begin PBXProject section */
		880584DE24C1F89400DA5A92 /* Project object */ = {
			isa = PBXProject;
			attributes = {
				LastSwiftUpdateCheck = 1150;
				LastUpgradeCheck = 1150;
				ORGANIZATIONNAME = Test;
				TargetAttributes = {
					880584E524C1F89400DA5A92 = {
						CreatedOnToolsVersion = 11.5;
					};
					880584FB24C1F89700DA5A92 = {
						CreatedOnToolsVersion = 11.5;
						TestTargetID = 880584E524C1F89400DA5A92;
					};
					8805850624C1F89800DA5A92 = {
						CreatedOnToolsVersion = 11.5;
						TestTargetID = 880584E524C1F89400DA5A92;
					};
				};
			};
			buildConfigurationList = 880584E124C1F89400DA5A92 /* Build configuration list for PBXProject "WeatherMap" */;
			compatibilityVersion = "Xcode 9.3";
			developmentRegion = en;
			hasScannedForEncodings = 0;
			knownRegions = (
				en,
				Base,
			);
			mainGroup = 880584DD24C1F89400DA5A92;
			productRefGroup = 880584E724C1F89400DA5A92 /* Products */;
			projectDirPath = "";
			projectRoot = "";
			targets = (
				880584E524C1F89400DA5A92 /* WeatherMap */,
				880584FB24C1F89700DA5A92 /* WeatherMapTests */,
				8805850624C1F89800DA5A92 /* WeatherMapUITests */,
			);
		};
/* End PBXProject section */

/* Begin PBXResourcesBuildPhase section */
		880584E424C1F89400DA5A92 /* Resources */ = {
			isa = PBXResourcesBuildPhase;
			buildActionMask = 2147483647;
			files = (
				880584F624C1F89700DA5A92 /* LaunchScreen.storyboard in Resources */,
				880584F324C1F89700DA5A92 /* Assets.xcassets in Resources */,
				880584F124C1F89400DA5A92 /* Main.storyboard in Resources */,
			);
			runOnlyForDeploymentPostprocessing = 0;
		};
		880584FA24C1F89700DA5A92 /* Resources */ = {
			isa = PBXResourcesBuildPhase;
			buildActionMask = 2147483647;
			files = (
			);
			runOnlyForDeploymentPostprocessing = 0;
		};
		8805850524C1F89800DA5A92 /* Resources */ = {
			isa = PBXResourcesBuildPhase;
			buildActionMask = 2147483647;
			files = (
				88AC32F224C222D00075E864 /* Main.storyboard in Resources */,
				88AC32F324C222FB0075E864 /* LaunchScreen.storyboard in Resources */,
			);
			runOnlyForDeploymentPostprocessing = 0;
		};
/* End PBXResourcesBuildPhase section */

/* Begin PBXSourcesBuildPhase section */
		880584E224C1F89400DA5A92 /* Sources */ = {
			isa = PBXSourcesBuildPhase;
			buildActionMask = 2147483647;
			files = (
				8805852724C2026E00DA5A92 /* Weather.swift in Sources */,
				88F81E2E24C210A10099EABB /* Database.swift in Sources */,
				8805852124C2002000DA5A92 /* WeatherRepository.swift in Sources */,
				880584EE24C1F89400DA5A92 /* MapViewController.swift in Sources */,
				8805852C24C20C5800DA5A92 /* DetailView.swift in Sources */,
				8805852924C207B700DA5A92 /* LocationDetailModel.swift in Sources */,
				8805852524C2026800DA5A92 /* WeatherFull.swift in Sources */,
				880584EA24C1F89400DA5A92 /* AppDelegate.swift in Sources */,
				88F81E5424C211CE0099EABB /* WeatherCoreData.xcdatamodeld in Sources */,
				8805851F24C2001200DA5A92 /* Repository.swift in Sources */,
				880584EC24C1F89400DA5A92 /* SceneDelegate.swift in Sources */,
				8805851A24C1FF9600DA5A92 /* DetailViewController.swift in Sources */,
			);
			runOnlyForDeploymentPostprocessing = 0;
		};
		880584F824C1F89700DA5A92 /* Sources */ = {
			isa = PBXSourcesBuildPhase;
			buildActionMask = 2147483647;
			files = (
				8805850124C1F89800DA5A92 /* WeatherMapTests.swift in Sources */,
			);
			runOnlyForDeploymentPostprocessing = 0;
		};
		8805850324C1F89800DA5A92 /* Sources */ = {
			isa = PBXSourcesBuildPhase;
			buildActionMask = 2147483647;
			files = (
				8805850C24C1F89800DA5A92 /* WeatherMapUITests.swift in Sources */,
			);
			runOnlyForDeploymentPostprocessing = 0;
		};
/* End PBXSourcesBuildPhase section */

/* Begin PBXTargetDependency section */
		880584FE24C1F89700DA5A92 /* PBXTargetDependency */ = {
			isa = PBXTargetDependency;
			target = 880584E524C1F89400DA5A92 /* WeatherMap */;
			targetProxy = 880584FD24C1F89700DA5A92 /* PBXContainerItemProxy */;
		};
		8805850924C1F89800DA5A92 /* PBXTargetDependency */ = {
			isa = PBXTargetDependency;
			target = 880584E524C1F89400DA5A92 /* WeatherMap */;
			targetProxy = 8805850824C1F89800DA5A92 /* PBXContainerItemProxy */;
		};
/* End PBXTargetDependency section */

/* Begin PBXVariantGroup section */
		880584EF24C1F89400DA5A92 /* Main.storyboard */ = {
			isa = PBXVariantGroup;
			children = (
				880584F024C1F89400DA5A92 /* Base */,
			);
			name = Main.storyboard;
			sourceTree = "<group>";
		};
		880584F424C1F89700DA5A92 /* LaunchScreen.storyboard */ = {
			isa = PBXVariantGroup;
			children = (
				880584F524C1F89700DA5A92 /* Base */,
			);
			name = LaunchScreen.storyboard;
			sourceTree = "<group>";
		};
/* End PBXVariantGroup section */

/* Begin XCBuildConfiguration section */
		8805850E24C1F89800DA5A92 /* Debug */ = {
			isa = XCBuildConfiguration;
			buildSettings = {
				ALWAYS_SEARCH_USER_PATHS = NO;
				CLANG_ANALYZER_NONNULL = YES;
				CLANG_ANALYZER_NUMBER_OBJECT_CONVERSION = YES_AGGRESSIVE;
				CLANG_CXX_LANGUAGE_STANDARD = "gnu++14";
				CLANG_CXX_LIBRARY = "libc++";
				CLANG_ENABLE_MODULES = YES;
				CLANG_ENABLE_OBJC_ARC = YES;
				CLANG_ENABLE_OBJC_WEAK = YES;
				CLANG_WARN_BLOCK_CAPTURE_AUTORELEASING = YES;
				CLANG_WARN_BOOL_CONVERSION = YES;
				CLANG_WARN_COMMA = YES;
				CLANG_WARN_CONSTANT_CONVERSION = YES;
				CLANG_WARN_DEPRECATED_OBJC_IMPLEMENTATIONS = YES;
				CLANG_WARN_DIRECT_OBJC_ISA_USAGE = YES_ERROR;
				CLANG_WARN_DOCUMENTATION_COMMENTS = YES;
				CLANG_WARN_EMPTY_BODY = YES;
				CLANG_WARN_ENUM_CONVERSION = YES;
				CLANG_WARN_INFINITE_RECURSION = YES;
				CLANG_WARN_INT_CONVERSION = YES;
				CLANG_WARN_NON_LITERAL_NULL_CONVERSION = YES;
				CLANG_WARN_OBJC_IMPLICIT_RETAIN_SELF = YES;
				CLANG_WARN_OBJC_LITERAL_CONVERSION = YES;
				CLANG_WARN_OBJC_ROOT_CLASS = YES_ERROR;
				CLANG_WARN_RANGE_LOOP_ANALYSIS = YES;
				CLANG_WARN_STRICT_PROTOTYPES = YES;
				CLANG_WARN_SUSPICIOUS_MOVE = YES;
				CLANG_WARN_UNGUARDED_AVAILABILITY = YES_AGGRESSIVE;
				CLANG_WARN_UNREACHABLE_CODE = YES;
				CLANG_WARN__DUPLICATE_METHOD_MATCH = YES;
				COPY_PHASE_STRIP = NO;
				DEBUG_INFORMATION_FORMAT = dwarf;
				ENABLE_STRICT_OBJC_MSGSEND = YES;
				ENABLE_TESTABILITY = YES;
				GCC_C_LANGUAGE_STANDARD = gnu11;
				GCC_DYNAMIC_NO_PIC = NO;
				GCC_NO_COMMON_BLOCKS = YES;
				GCC_OPTIMIZATION_LEVEL = 0;
				GCC_PREPROCESSOR_DEFINITIONS = (
					"DEBUG=1",
					"$(inherited)",
				);
				GCC_WARN_64_TO_32_BIT_CONVERSION = YES;
				GCC_WARN_ABOUT_RETURN_TYPE = YES_ERROR;
				GCC_WARN_UNDECLARED_SELECTOR = YES;
				GCC_WARN_UNINITIALIZED_AUTOS = YES_AGGRESSIVE;
				GCC_WARN_UNUSED_FUNCTION = YES;
				GCC_WARN_UNUSED_VARIABLE = YES;
				IPHONEOS_DEPLOYMENT_TARGET = 13.5;
				MTL_ENABLE_DEBUG_INFO = INCLUDE_SOURCE;
				MTL_FAST_MATH = YES;
				ONLY_ACTIVE_ARCH = YES;
				SDKROOT = iphoneos;
				SWIFT_ACTIVE_COMPILATION_CONDITIONS = DEBUG;
				SWIFT_OPTIMIZATION_LEVEL = "-Onone";
			};
			name = Debug;
		};
		8805850F24C1F89800DA5A92 /* Release */ = {
			isa = XCBuildConfiguration;
			buildSettings = {
				ALWAYS_SEARCH_USER_PATHS = NO;
				CLANG_ANALYZER_NONNULL = YES;
				CLANG_ANALYZER_NUMBER_OBJECT_CONVERSION = YES_AGGRESSIVE;
				CLANG_CXX_LANGUAGE_STANDARD = "gnu++14";
				CLANG_CXX_LIBRARY = "libc++";
				CLANG_ENABLE_MODULES = YES;
				CLANG_ENABLE_OBJC_ARC = YES;
				CLANG_ENABLE_OBJC_WEAK = YES;
				CLANG_WARN_BLOCK_CAPTURE_AUTORELEASING = YES;
				CLANG_WARN_BOOL_CONVERSION = YES;
				CLANG_WARN_COMMA = YES;
				CLANG_WARN_CONSTANT_CONVERSION = YES;
				CLANG_WARN_DEPRECATED_OBJC_IMPLEMENTATIONS = YES;
				CLANG_WARN_DIRECT_OBJC_ISA_USAGE = YES_ERROR;
				CLANG_WARN_DOCUMENTATION_COMMENTS = YES;
				CLANG_WARN_EMPTY_BODY = YES;
				CLANG_WARN_ENUM_CONVERSION = YES;
				CLANG_WARN_INFINITE_RECURSION = YES;
				CLANG_WARN_INT_CONVERSION = YES;
				CLANG_WARN_NON_LITERAL_NULL_CONVERSION = YES;
				CLANG_WARN_OBJC_IMPLICIT_RETAIN_SELF = YES;
				CLANG_WARN_OBJC_LITERAL_CONVERSION = YES;
				CLANG_WARN_OBJC_ROOT_CLASS = YES_ERROR;
				CLANG_WARN_RANGE_LOOP_ANALYSIS = YES;
				CLANG_WARN_STRICT_PROTOTYPES = YES;
				CLANG_WARN_SUSPICIOUS_MOVE = YES;
				CLANG_WARN_UNGUARDED_AVAILABILITY = YES_AGGRESSIVE;
				CLANG_WARN_UNREACHABLE_CODE = YES;
				CLANG_WARN__DUPLICATE_METHOD_MATCH = YES;
				COPY_PHASE_STRIP = NO;
				DEBUG_INFORMATION_FORMAT = "dwarf-with-dsym";
				ENABLE_NS_ASSERTIONS = NO;
				ENABLE_STRICT_OBJC_MSGSEND = YES;
				GCC_C_LANGUAGE_STANDARD = gnu11;
				GCC_NO_COMMON_BLOCKS = YES;
				GCC_WARN_64_TO_32_BIT_CONVERSION = YES;
				GCC_WARN_ABOUT_RETURN_TYPE = YES_ERROR;
				GCC_WARN_UNDECLARED_SELECTOR = YES;
				GCC_WARN_UNINITIALIZED_AUTOS = YES_AGGRESSIVE;
				GCC_WARN_UNUSED_FUNCTION = YES;
				GCC_WARN_UNUSED_VARIABLE = YES;
				IPHONEOS_DEPLOYMENT_TARGET = 13.5;
				MTL_ENABLE_DEBUG_INFO = NO;
				MTL_FAST_MATH = YES;
				SDKROOT = iphoneos;
				SWIFT_COMPILATION_MODE = wholemodule;
				SWIFT_OPTIMIZATION_LEVEL = "-O";
				VALIDATE_PRODUCT = YES;
			};
			name = Release;
		};
		8805851124C1F89800DA5A92 /* Debug */ = {
			isa = XCBuildConfiguration;
			buildSettings = {
				ASSETCATALOG_COMPILER_APPICON_NAME = AppIcon;
				CODE_SIGN_STYLE = Automatic;
				DEVELOPMENT_TEAM = KBTU2235W2;
				INFOPLIST_FILE = WeatherMap/Info.plist;
				IPHONEOS_DEPLOYMENT_TARGET = 13.0;
				LD_RUNPATH_SEARCH_PATHS = (
					"$(inherited)",
					"@executable_path/Frameworks",
				);
				PRODUCT_BUNDLE_IDENTIFIER = com.weather.map.WeatherMap;
				PRODUCT_NAME = "$(TARGET_NAME)";
				SWIFT_VERSION = 5.0;
				TARGETED_DEVICE_FAMILY = "1,2";
			};
			name = Debug;
		};
		8805851224C1F89800DA5A92 /* Release */ = {
			isa = XCBuildConfiguration;
			buildSettings = {
				ASSETCATALOG_COMPILER_APPICON_NAME = AppIcon;
				CODE_SIGN_STYLE = Automatic;
				DEVELOPMENT_TEAM = KBTU2235W2;
				INFOPLIST_FILE = WeatherMap/Info.plist;
				IPHONEOS_DEPLOYMENT_TARGET = 13.0;
				LD_RUNPATH_SEARCH_PATHS = (
					"$(inherited)",
					"@executable_path/Frameworks",
				);
				PRODUCT_BUNDLE_IDENTIFIER = com.weather.map.WeatherMap;
				PRODUCT_NAME = "$(TARGET_NAME)";
				SWIFT_VERSION = 5.0;
				TARGETED_DEVICE_FAMILY = "1,2";
			};
			name = Release;
		};
		8805851424C1F89800DA5A92 /* Debug */ = {
			isa = XCBuildConfiguration;
			buildSettings = {
				ALWAYS_EMBED_SWIFT_STANDARD_LIBRARIES = YES;
				BUNDLE_LOADER = "$(TEST_HOST)";
				CODE_SIGN_STYLE = Automatic;
				INFOPLIST_FILE = WeatherMapTests/Info.plist;
				IPHONEOS_DEPLOYMENT_TARGET = 13.0;
				LD_RUNPATH_SEARCH_PATHS = (
					"$(inherited)",
					"@executable_path/Frameworks",
					"@loader_path/Frameworks",
				);
				PRODUCT_BUNDLE_IDENTIFIER = com.weather.map.WeatherMapTests;
				PRODUCT_NAME = "$(TARGET_NAME)";
				SWIFT_VERSION = 5.0;
				TARGETED_DEVICE_FAMILY = "1,2";
				TEST_HOST = "$(BUILT_PRODUCTS_DIR)/WeatherMap.app/WeatherMap";
			};
			name = Debug;
		};
		8805851524C1F89800DA5A92 /* Release */ = {
			isa = XCBuildConfiguration;
			buildSettings = {
				ALWAYS_EMBED_SWIFT_STANDARD_LIBRARIES = YES;
				BUNDLE_LOADER = "$(TEST_HOST)";
				CODE_SIGN_STYLE = Automatic;
				INFOPLIST_FILE = WeatherMapTests/Info.plist;
				IPHONEOS_DEPLOYMENT_TARGET = 13.0;
				LD_RUNPATH_SEARCH_PATHS = (
					"$(inherited)",
					"@executable_path/Frameworks",
					"@loader_path/Frameworks",
				);
				PRODUCT_BUNDLE_IDENTIFIER = com.weather.map.WeatherMapTests;
				PRODUCT_NAME = "$(TARGET_NAME)";
				SWIFT_VERSION = 5.0;
				TARGETED_DEVICE_FAMILY = "1,2";
				TEST_HOST = "$(BUILT_PRODUCTS_DIR)/WeatherMap.app/WeatherMap";
			};
			name = Release;
		};
		8805851724C1F89800DA5A92 /* Debug */ = {
			isa = XCBuildConfiguration;
			buildSettings = {
				ALWAYS_EMBED_SWIFT_STANDARD_LIBRARIES = YES;
				CODE_SIGN_STYLE = Automatic;
				INFOPLIST_FILE = WeatherMapUITests/Info.plist;
				LD_RUNPATH_SEARCH_PATHS = (
					"$(inherited)",
					"@executable_path/Frameworks",
					"@loader_path/Frameworks",
				);
				PRODUCT_BUNDLE_IDENTIFIER = com.weather.map.WeatherMapUITests;
				PRODUCT_NAME = "$(TARGET_NAME)";
				SWIFT_VERSION = 5.0;
				TARGETED_DEVICE_FAMILY = "1,2";
				TEST_TARGET_NAME = WeatherMap;
			};
			name = Debug;
		};
		8805851824C1F89800DA5A92 /* Release */ = {
			isa = XCBuildConfiguration;
			buildSettings = {
				ALWAYS_EMBED_SWIFT_STANDARD_LIBRARIES = YES;
				CODE_SIGN_STYLE = Automatic;
				INFOPLIST_FILE = WeatherMapUITests/Info.plist;
				LD_RUNPATH_SEARCH_PATHS = (
					"$(inherited)",
					"@executable_path/Frameworks",
					"@loader_path/Frameworks",
				);
				PRODUCT_BUNDLE_IDENTIFIER = com.weather.map.WeatherMapUITests;
				PRODUCT_NAME = "$(TARGET_NAME)";
				SWIFT_VERSION = 5.0;
				TARGETED_DEVICE_FAMILY = "1,2";
				TEST_TARGET_NAME = WeatherMap;
			};
			name = Release;
		};
/* End XCBuildConfiguration section */

/* Begin XCConfigurationList section */
		880584E124C1F89400DA5A92 /* Build configuration list for PBXProject "WeatherMap" */ = {
			isa = XCConfigurationList;
			buildConfigurations = (
				8805850E24C1F89800DA5A92 /* Debug */,
				8805850F24C1F89800DA5A92 /* Release */,
			);
			defaultConfigurationIsVisible = 0;
			defaultConfigurationName = Release;
		};
		8805851024C1F89800DA5A92 /* Build configuration list for PBXNativeTarget "WeatherMap" */ = {
			isa = XCConfigurationList;
			buildConfigurations = (
				8805851124C1F89800DA5A92 /* Debug */,
				8805851224C1F89800DA5A92 /* Release */,
			);
			defaultConfigurationIsVisible = 0;
			defaultConfigurationName = Release;
		};
		8805851324C1F89800DA5A92 /* Build configuration list for PBXNativeTarget "WeatherMapTests" */ = {
			isa = XCConfigurationList;
			buildConfigurations = (
				8805851424C1F89800DA5A92 /* Debug */,
				8805851524C1F89800DA5A92 /* Release */,
			);
			defaultConfigurationIsVisible = 0;
			defaultConfigurationName = Release;
		};
		8805851624C1F89800DA5A92 /* Build configuration list for PBXNativeTarget "WeatherMapUITests" */ = {
			isa = XCConfigurationList;
			buildConfigurations = (
				8805851724C1F89800DA5A92 /* Debug */,
				8805851824C1F89800DA5A92 /* Release */,
			);
			defaultConfigurationIsVisible = 0;
			defaultConfigurationName = Release;
		};
/* End XCConfigurationList section */

/* Begin XCVersionGroup section */
		88F81E5224C211CE0099EABB /* WeatherCoreData.xcdatamodeld */ = {
			isa = XCVersionGroup;
			children = (
				88F81E5324C211CE0099EABB /* WeatherCoreData.xcdatamodel */,
			);
			currentVersion = 88F81E5324C211CE0099EABB /* WeatherCoreData.xcdatamodel */;
			path = WeatherCoreData.xcdatamodeld;
			sourceTree = "<group>";
			versionGroupType = wrapper.xcdatamodel;
		};
/* End XCVersionGroup section */
	};
	rootObject = 880584DE24C1F89400DA5A92 /* Project object */;
}
